
Microsoft Visual Studio Solution File, Format Version 12.00
Project("{FAE04EC0-301F-11D3-BF4B-00C04F79EFBC}") = "MergeOpenApi", "MergeOpenApi\MergeOpenApi.csproj", "{0113EBEF-ECB8-48B8-834B-B9A80FBCACF7}"
EndProject
Project("{FAE04EC0-301F-11D3-BF4B-00C04F79EFBC}") = "MergeOpenApi.Api", "MergeOpenApi.Api\MergeOpenApi.Api.csproj", "{C6DF7E7D-63B9-4E8F-9CA9-BDB7733BEF62}"
EndProject
Project("{FAE04EC0-301F-11D3-BF4B-00C04F79EFBC}") = "MergeOpenApi.Ui", "MergeOpenApi.Ui\MergeOpenApi.Ui.csproj", "{B4207708-F722-41A3-BCB7-399BDE01B03C}"
EndProject
Project("{FAE04EC0-301F-11D3-BF4B-00C04F79EFBC}") = "MergeOpenApi.Api.Test", "MergeOpenApi.Api.Test\MergeOpenApi.Api.Test.csproj", "{0B579968-DFCE-4D33-AE46-0FE8331BCD4F}"
EndProject
Global
	GlobalSection(SolutionConfigurationPlatforms) = preSolution
		Debug|Any CPU = Debug|Any CPU
		Release|Any CPU = Release|Any CPU
	EndGlobalSection
	GlobalSection(ProjectConfigurationPlatforms) = postSolution
		{0113EBEF-ECB8-48B8-834B-B9A80FBCACF7}.Debug|Any CPU.ActiveCfg = Debug|Any CPU
		{0113EBEF-ECB8-48B8-834B-B9A80FBCACF7}.Debug|Any CPU.Build.0 = Debug|Any CPU
		{0113EBEF-ECB8-48B8-834B-B9A80FBCACF7}.Release|Any CPU.ActiveCfg = Release|Any CPU
		{0113EBEF-ECB8-48B8-834B-B9A80FBCACF7}.Release|Any CPU.Build.0 = Release|Any CPU
		{C6DF7E7D-63B9-4E8F-9CA9-BDB7733BEF62}.Debug|Any CPU.ActiveCfg = Debug|Any CPU
		{C6DF7E7D-63B9-4E8F-9CA9-BDB7733BEF62}.Debug|Any CPU.Build.0 = Debug|Any CPU
		{C6DF7E7D-63B9-4E8F-9CA9-BDB7733BEF62}.Release|Any CPU.ActiveCfg = Release|Any CPU
		{C6DF7E7D-63B9-4E8F-9CA9-BDB7733BEF62}.Release|Any CPU.Build.0 = Release|Any CPU
		{B4207708-F722-41A3-BCB7-399BDE01B03C}.Debug|Any CPU.ActiveCfg = Debug|Any CPU
		{B4207708-F722-41A3-BCB7-399BDE01B03C}.Debug|Any CPU.Build.0 = Debug|Any CPU
		{B4207708-F722-41A3-BCB7-399BDE01B03C}.Release|Any CPU.ActiveCfg = Release|Any CPU
		{B4207708-F722-41A3-BCB7-399BDE01B03C}.Release|Any CPU.Build.0 = Release|Any CPU
		{0B579968-DFCE-4D33-AE46-0FE8331BCD4F}.Debug|Any CPU.ActiveCfg = Debug|Any CPU
		{0B579968-DFCE-4D33-AE46-0FE8331BCD4F}.Debug|Any CPU.Build.0 = Debug|Any CPU
		{0B579968-DFCE-4D33-AE46-0FE8331BCD4F}.Release|Any CPU.ActiveCfg = Release|Any CPU
		{0B579968-DFCE-4D33-AE46-0FE8331BCD4F}.Release|Any CPU.Build.0 = Release|Any CPU
	EndGlobalSection
EndGlobal
